// !$*UTF8*$!
{
	archiveVersion = 1;
	classes = {
	};
	objectVersion = 46;
	objects = {

/* Begin PBXBuildFile section */
		3B0CC0711C8A0C230043F97C /* AppDelegate.swift in Sources */ = {isa = PBXBuildFile; fileRef = 3B0CC0701C8A0C230043F97C /* AppDelegate.swift */; };
		3B0CC0731C8A0C230043F97C /* ViewController.swift in Sources */ = {isa = PBXBuildFile; fileRef = 3B0CC0721C8A0C230043F97C /* ViewController.swift */; };
		3B0CC0761C8A0C230043F97C /* Main.storyboard in Resources */ = {isa = PBXBuildFile; fileRef = 3B0CC0741C8A0C230043F97C /* Main.storyboard */; };
		3B0CC0781C8A0C230043F97C /* Assets.xcassets in Resources */ = {isa = PBXBuildFile; fileRef = 3B0CC0771C8A0C230043F97C /* Assets.xcassets */; };
		3B0CC07B1C8A0C230043F97C /* LaunchScreen.storyboard in Resources */ = {isa = PBXBuildFile; fileRef = 3B0CC0791C8A0C230043F97C /* LaunchScreen.storyboard */; };
/* End PBXBuildFile section */

/* Begin PBXFileReference section */
		3B0CC06D1C8A0C230043F97C /* Scoops.app */ = {isa = PBXFileReference; explicitFileType = wrapper.application; includeInIndex = 0; path = Scoops.app; sourceTree = BUILT_PRODUCTS_DIR; };
		3B0CC0701C8A0C230043F97C /* AppDelegate.swift */ = {isa = PBXFileReference; lastKnownFileType = sourcecode.swift; path = AppDelegate.swift; sourceTree = "<group>"; };
		3B0CC0721C8A0C230043F97C /* ViewController.swift */ = {isa = PBXFileReference; lastKnownFileType = sourcecode.swift; path = ViewController.swift; sourceTree = "<group>"; };
		3B0CC0751C8A0C230043F97C /* Base */ = {isa = PBXFileReference; lastKnownFileType = file.storyboard; name = Base; path = Base.lproj/Main.storyboard; sourceTree = "<group>"; };
		3B0CC0771C8A0C230043F97C /* Assets.xcassets */ = {isa = PBXFileReference; lastKnownFileType = folder.assetcatalog; path = Assets.xcassets; sourceTree = "<group>"; };
		3B0CC07A1C8A0C230043F97C /* Base */ = {isa = PBXFileReference; lastKnownFileType = file.storyboard; name = Base; path = Base.lproj/LaunchScreen.storyboard; sourceTree = "<group>"; };
		3B0CC07C1C8A0C230043F97C /* Info.plist */ = {isa = PBXFileReference; lastKnownFileType = text.plist.xml; path = Info.plist; sourceTree = "<group>"; };
/* End PBXFileReference section */

/* Begin PBXFrameworksBuildPhase section */
		3B0CC06A1C8A0C230043F97C /* Frameworks */ = {
			isa = PBXFrameworksBuildPhase;
			buildActionMask = 2147483647;
			files = (
			);
			runOnlyForDeploymentPostprocessing = 0;
		};
/* End PBXFrameworksBuildPhase section */

/* Begin PBXGroup section */
		3B0CC0641C8A0C230043F97C = {
			isa = PBXGroup;
			children = (
				3B0CC06F1C8A0C230043F97C /* Scoops */,
				3B0CC06E1C8A0C230043F97C /* Products */,
			);
			sourceTree = "<group>";
		};
		3B0CC06E1C8A0C230043F97C /* Products */ = {
			isa = PBXGroup;
			children = (
				3B0CC06D1C8A0C230043F97C /* Scoops.app */,
			);
			name = Products;
			sourceTree = "<group>";
		};
		3B0CC06F1C8A0C230043F97C /* Scoops */ = {
			isa = PBXGroup;
			children = (
				3B0CC0701C8A0C230043F97C /* AppDelegate.swift */,
				3B0CC0721C8A0C230043F97C /* ViewController.swift */,
				3B0CC0741C8A0C230043F97C /* Main.storyboard */,
				3B0CC0771C8A0C230043F97C /* Assets.xcassets */,
				3B0CC0791C8A0C230043F97C /* LaunchScreen.storyboard */,
				3B0CC07C1C8A0C230043F97C /* Info.plist */,
			);
			path = Scoops;
			sourceTree = "<group>";
		};
/* End PBXGroup section */

/* Begin PBXNativeTarget section */
		3B0CC06C1C8A0C230043F97C /* Scoops */ = {
			isa = PBXNativeTarget;
			buildConfigurationList = 3B0CC07F1C8A0C230043F97C /* Build configuration list for PBXNativeTarget "Scoops" */;
			buildPhases = (
				3B0CC0691C8A0C230043F97C /* Sources */,
				3B0CC06A1C8A0C230043F97C /* Frameworks */,
				3B0CC06B1C8A0C230043F97C /* Resources */,
			);
			buildRules = (
			);
			dependencies = (
			);
			name = Scoops;
			productName = Scoops;
			productReference = 3B0CC06D1C8A0C230043F97C /* Scoops.app */;
			productType = "com.apple.product-type.application";
		};
/* End PBXNativeTarget section */

/* Begin PBXProject section */
		3B0CC0651C8A0C230043F97C /* Project object */ = {
			isa = PBXProject;
			attributes = {
				LastSwiftUpdateCheck = 0720;
				LastUpgradeCheck = 0720;
				ORGANIZATIONNAME = FJC;
				TargetAttributes = {
					3B0CC06C1C8A0C230043F97C = {
						CreatedOnToolsVersion = 7.2;
						DevelopmentTeam = 4J2G4T2WEH;
					};
				};
			};
			buildConfigurationList = 3B0CC0681C8A0C230043F97C /* Build configuration list for PBXProject "Scoops" */;
			compatibilityVersion = "Xcode 3.2";
			developmentRegion = English;
			hasScannedForEncodings = 0;
			knownRegions = (
				en,
				Base,
			);
			mainGroup = 3B0CC0641C8A0C230043F97C;
			productRefGroup = 3B0CC06E1C8A0C230043F97C /* Products */;
			projectDirPath = "";
			projectRoot = "";
			targets = (
				3B0CC06C1C8A0C230043F97C /* Scoops */,
			);
		};
/* End PBXProject section */

/* Begin PBXResourcesBuildPhase section */
		3B0CC06B1C8A0C230043F97C /* Resources */ = {
			isa = PBXResourcesBuildPhase;
			buildActionMask = 2147483647;
			files = (
				3B0CC07B1C8A0C230043F97C /* LaunchScreen.storyboard in Resources */,
				3B0CC0781C8A0C230043F97C /* Assets.xcassets in Resources */,
				3B0CC0761C8A0C230043F97C /* Main.storyboard in Resources */,
			);
			runOnlyForDeploymentPostprocessing = 0;
		};
/* End PBXResourcesBuildPhase section */

/* Begin PBXSourcesBuildPhase section */
		3B0CC0691C8A0C230043F97C /* Sources */ = {
			isa = PBXSourcesBuildPhase;
			buildActionMask = 2147483647;
			files = (
				3B0CC0731C8A0C230043F97C /* ViewController.swift in Sources */,
				3B0CC0711C8A0C230043F97C /* AppDelegate.swift in Sources */,
			);
			runOnlyForDeploymentPostprocessing = 0;
		};
/* End PBXSourcesBuildPhase section */

/* Begin PBXVariantGroup section */
		3B0CC0741C8A0C230043F97C /* Main.storyboard */ = {
			isa = PBXVariantGroup;
			children = (
				3B0CC0751C8A0C230043F97C /* Base */,
			);
			name = Main.storyboard;
			sourceTree = "<group>";
		};
		3B0CC0791C8A0C230043F97C /* LaunchScreen.storyboard */ = {
			isa = PBXVariantGroup;
			children = (
				3B0CC07A1C8A0C230043F97C /* Base */,
			);
			name = LaunchScreen.storyboard;
			sourceTree = "<group>";
		};
/* End PBXVariantGroup section */

/* Begin XCBuildConfiguration section */
		3B0CC07D1C8A0C230043F97C /* Debug */ = {
			isa = XCBuildConfiguration;
			buildSettings = {
				ALWAYS_SEARCH_USER_PATHS = NO;
				CLANG_CXX_LANGUAGE_STANDARD = "gnu++0x";
				CLANG_CXX_LIBRARY = "libc++";
				CLANG_ENABLE_MODULES = YES;
				CLANG_ENABLE_OBJC_ARC = YES;
				CLANG_WARN_BOOL_CONVERSION = YES;
				CLANG_WARN_CONSTANT_CONVERSION = YES;
				CLANG_WARN_DIRECT_OBJC_ISA_USAGE = YES_ERROR;
				CLANG_WARN_EMPTY_BODY = YES;
				CLANG_WARN_ENUM_CONVERSION = YES;
				CLANG_WARN_INT_CONVERSION = YES;
				CLANG_WARN_OBJC_ROOT_CLASS = YES_ERROR;
				CLANG_WARN_UNREACHABLE_CODE = YES;
				CLANG_WARN__DUPLICATE_METHOD_MATCH = YES;
				"CODE_SIGN_IDENTITY[sdk=iphoneos*]" = "iPhone Developer";
				COPY_PHASE_STRIP = NO;
				DEBUG_INFORMATION_FORMAT = dwarf;
				ENABLE_STRICT_OBJC_MSGSEND = YES;
				ENABLE_TESTABILITY = YES;
				GCC_C_LANGUAGE_STANDARD = gnu99;
				GCC_DYNAMIC_NO_PIC = NO;
				GCC_NO_COMMON_BLOCKS = YES;
				GCC_OPTIMIZATION_LEVEL = 0;
				GCC_PREPROCESSOR_DEFINITIONS = (
					"DEBUG=1",
					"$(inherited)",
				);
				GCC_WARN_64_TO_32_BIT_CONVERSION = YES;
				GCC_WARN_ABOUT_RETURN_TYPE = YES_ERROR;
				GCC_WARN_UNDECLARED_SELECTOR = YES;
				GCC_WARN_UNINITIALIZED_AUTOS = YES_AGGRESSIVE;
				GCC_WARN_UNUSED_FUNCTION = YES;
				GCC_WARN_UNUSED_VARIABLE = YES;
				IPHONEOS_DEPLOYMENT_TARGET = 9.2;
				MTL_ENABLE_DEBUG_INFO = YES;
				ONLY_ACTIVE_ARCH = YES;
				SDKROOT = iphoneos;
				SWIFT_OPTIMIZATION_LEVEL = "-Onone";
				TARGETED_DEVICE_FAMILY = "1,2";
			};
			name = Debug;
		};
		3B0CC07E1C8A0C230043F97C /* Release */ = {
			isa = XCBuildConfiguration;
			buildSettings = {
				ALWAYS_SEARCH_USER_PATHS = NO;
				CLANG_CXX_LANGUAGE_STANDARD = "gnu++0x";
				CLANG_CXX_LIBRARY = "libc++";
				CLANG_ENABLE_MODULES = YES;
				CLANG_ENABLE_OBJC_ARC = YES;
				CLANG_WARN_BOOL_CONVERSION = YES;
				CLANG_WARN_CONSTANT_CONVERSION = YES;
				CLANG_WARN_DIRECT_OBJC_ISA_USAGE = YES_ERROR;
				CLANG_WARN_EMPTY_BODY = YES;
				CLANG_WARN_ENUM_CONVERSION = YES;
				CLANG_WARN_INT_CONVERSION = YES;
				CLANG_WARN_OBJC_ROOT_CLASS = YES_ERROR;
				CLANG_WARN_UNREACHABLE_CODE = YES;
				CLANG_WARN__DUPLICATE_METHOD_MATCH = YES;
				"CODE_SIGN_IDENTITY[sdk=iphoneos*]" = "iPhone Developer";
				COPY_PHASE_STRIP = NO;
				DEBUG_INFORMATION_FORMAT = "dwarf-with-dsym";
				ENABLE_NS_ASSERTIONS = NO;
				ENABLE_STRICT_OBJC_MSGSEND = YES;
				GCC_C_LANGUAGE_STANDARD = gnu99;
				GCC_NO_COMMON_BLOCKS = YES;
				GCC_WARN_64_TO_32_BIT_CONVERSION = YES;
				GCC_WARN_ABOUT_RETURN_TYPE = YES_ERROR;
				GCC_WARN_UNDECLARED_SELECTOR = YES;
				GCC_WARN_UNINITIALIZED_AUTOS = YES_AGGRESSIVE;
				GCC_WARN_UNUSED_FUNCTION = YES;
				GCC_WARN_UNUSED_VARIABLE = YES;
				IPHONEOS_DEPLOYMENT_TARGET = 9.2;
				MTL_ENABLE_DEBUG_INFO = NO;
				SDKROOT = iphoneos;
				TARGETED_DEVICE_FAMILY = "1,2";
				VALIDATE_PRODUCT = YES;
			};
			name = Release;
		};
		3B0CC0801C8A0C230043F97C /* Debug */ = {
			isa = XCBuildConfiguration;
			buildSettings = {
				ASSETCATALOG_COMPILER_APPICON_NAME = AppIcon;
				INFOPLIST_FILE = Scoops/Info.plist;
				LD_RUNPATH_SEARCH_PATHS = "$(inherited) @executable_path/Frameworks";
				PRODUCT_BUNDLE_IDENTIFIER = com.fjc.Scoops;
				PRODUCT_NAME = "$(TARGET_NAME)";
			};
			name = Debug;
		};
		3B0CC0811C8A0C230043F97C /* Release */ = {
			isa = XCBuildConfiguration;
			buildSettings = {
				ASSETCATALOG_COMPILER_APPICON_NAME = AppIcon;
				INFOPLIST_FILE = Scoops/Info.plist;
				LD_RUNPATH_SEARCH_PATHS = "$(inherited) @executable_path/Frameworks";
				PRODUCT_BUNDLE_IDENTIFIER = com.fjc.Scoops;
				PRODUCT_NAME = "$(TARGET_NAME)";
			};
			name = Release;
		};
/* End XCBuildConfiguration section */

/* Begin XCConfigurationList section */
		3B0CC0681C8A0C230043F97C /* Build configuration list for PBXProject "Scoops" */ = {
			isa = XCConfigurationList;
			buildConfigurations = (
				3B0CC07D1C8A0C230043F97C /* Debug */,
				3B0CC07E1C8A0C230043F97C /* Release */,
			);
			defaultConfigurationIsVisible = 0;
			defaultConfigurationName = Release;
		};
		3B0CC07F1C8A0C230043F97C /* Build configuration list for PBXNativeTarget "Scoops" */ = {
			isa = XCConfigurationList;
			buildConfigurations = (
				3B0CC0801C8A0C230043F97C /* Debug */,
				3B0CC0811C8A0C230043F97C /* Release */,
			);
			defaultConfigurationIsVisible = 0;
		};
/* End XCConfigurationList section */
	};
	rootObject = 3B0CC0651C8A0C230043F97C /* Project object */;
}
